// !$*UTF8*$!
{
	archiveVersion = 1;
	classes = {
	};
	objectVersion = 50;
	objects = {

/* Begin PBXBuildFile section */
		3D0BFF9E27447C12001E6236 /* AppDelegate.swift in Sources */ = {isa = PBXBuildFile; fileRef = 3D0BFF9D27447C11001E6236 /* AppDelegate.swift */; };
		3D0BFFA027447C12001E6236 /* ViewController.swift in Sources */ = {isa = PBXBuildFile; fileRef = 3D0BFF9F27447C12001E6236 /* ViewController.swift */; };
		3D0BFFA327447C12001E6236 /* Main.storyboard in Resources */ = {isa = PBXBuildFile; fileRef = 3D0BFFA127447C12001E6236 /* Main.storyboard */; };
		3D0BFFA527447C1B001E6236 /* Assets.xcassets in Resources */ = {isa = PBXBuildFile; fileRef = 3D0BFFA427447C1B001E6236 /* Assets.xcassets */; };
		3D0BFFA827447C1B001E6236 /* LaunchScreen.storyboard in Resources */ = {isa = PBXBuildFile; fileRef = 3D0BFFA627447C1B001E6236 /* LaunchScreen.storyboard */; };
		3D0BFFB327447C1B001E6236 /* MOVISNEYTests.swift in Sources */ = {isa = PBXBuildFile; fileRef = 3D0BFFB227447C1B001E6236 /* MOVISNEYTests.swift */; };
		3D0BFFBE27447C1B001E6236 /* MOVISNEYUITests.swift in Sources */ = {isa = PBXBuildFile; fileRef = 3D0BFFBD27447C1B001E6236 /* MOVISNEYUITests.swift */; };
		3D0BFFCC27447CCA001E6236 /* Pelicula.swift in Sources */ = {isa = PBXBuildFile; fileRef = 3D0BFFCB27447CCA001E6236 /* Pelicula.swift */; };
/* End PBXBuildFile section */

/* Begin PBXContainerItemProxy section */
		3D0BFFAF27447C1B001E6236 /* PBXContainerItemProxy */ = {
			isa = PBXContainerItemProxy;
			containerPortal = 3D0BFF9227447C11001E6236 /* Project object */;
			proxyType = 1;
			remoteGlobalIDString = 3D0BFF9927447C11001E6236;
			remoteInfo = MOVISNEY;
		};
		3D0BFFBA27447C1B001E6236 /* PBXContainerItemProxy */ = {
			isa = PBXContainerItemProxy;
			containerPortal = 3D0BFF9227447C11001E6236 /* Project object */;
			proxyType = 1;
			remoteGlobalIDString = 3D0BFF9927447C11001E6236;
			remoteInfo = MOVISNEY;
		};
/* End PBXContainerItemProxy section */

/* Begin PBXFileReference section */
		3D0BFF9A27447C11001E6236 /* MOVISNEY.app */ = {isa = PBXFileReference; explicitFileType = wrapper.application; includeInIndex = 0; path = MOVISNEY.app; sourceTree = BUILT_PRODUCTS_DIR; };
		3D0BFF9D27447C11001E6236 /* AppDelegate.swift */ = {isa = PBXFileReference; lastKnownFileType = sourcecode.swift; path = AppDelegate.swift; sourceTree = "<group>"; };
		3D0BFF9F27447C12001E6236 /* ViewController.swift */ = {isa = PBXFileReference; lastKnownFileType = sourcecode.swift; path = ViewController.swift; sourceTree = "<group>"; };
		3D0BFFA227447C12001E6236 /* Base */ = {isa = PBXFileReference; lastKnownFileType = file.storyboard; name = Base; path = Base.lproj/Main.storyboard; sourceTree = "<group>"; };
		3D0BFFA427447C1B001E6236 /* Assets.xcassets */ = {isa = PBXFileReference; lastKnownFileType = folder.assetcatalog; path = Assets.xcassets; sourceTree = "<group>"; };
		3D0BFFA727447C1B001E6236 /* Base */ = {isa = PBXFileReference; lastKnownFileType = file.storyboard; name = Base; path = Base.lproj/LaunchScreen.storyboard; sourceTree = "<group>"; };
		3D0BFFA927447C1B001E6236 /* Info.plist */ = {isa = PBXFileReference; lastKnownFileType = text.plist.xml; path = Info.plist; sourceTree = "<group>"; };
		3D0BFFAE27447C1B001E6236 /* MOVISNEYTests.xctest */ = {isa = PBXFileReference; explicitFileType = wrapper.cfbundle; includeInIndex = 0; path = MOVISNEYTests.xctest; sourceTree = BUILT_PRODUCTS_DIR; };
		3D0BFFB227447C1B001E6236 /* MOVISNEYTests.swift */ = {isa = PBXFileReference; lastKnownFileType = sourcecode.swift; path = MOVISNEYTests.swift; sourceTree = "<group>"; };
		3D0BFFB427447C1B001E6236 /* Info.plist */ = {isa = PBXFileReference; lastKnownFileType = text.plist.xml; path = Info.plist; sourceTree = "<group>"; };
		3D0BFFB927447C1B001E6236 /* MOVISNEYUITests.xctest */ = {isa = PBXFileReference; explicitFileType = wrapper.cfbundle; includeInIndex = 0; path = MOVISNEYUITests.xctest; sourceTree = BUILT_PRODUCTS_DIR; };
		3D0BFFBD27447C1B001E6236 /* MOVISNEYUITests.swift */ = {isa = PBXFileReference; lastKnownFileType = sourcecode.swift; path = MOVISNEYUITests.swift; sourceTree = "<group>"; };
		3D0BFFBF27447C1B001E6236 /* Info.plist */ = {isa = PBXFileReference; lastKnownFileType = text.plist.xml; path = Info.plist; sourceTree = "<group>"; };
		3D0BFFCB27447CCA001E6236 /* Pelicula.swift */ = {isa = PBXFileReference; lastKnownFileType = sourcecode.swift; path = Pelicula.swift; sourceTree = "<group>"; };
/* End PBXFileReference section */

/* Begin PBXFrameworksBuildPhase section */
		3D0BFF9727447C11001E6236 /* Frameworks */ = {
			isa = PBXFrameworksBuildPhase;
			buildActionMask = 2147483647;
			files = (
			);
			runOnlyForDeploymentPostprocessing = 0;
		};
		3D0BFFAB27447C1B001E6236 /* Frameworks */ = {
			isa = PBXFrameworksBuildPhase;
			buildActionMask = 2147483647;
			files = (
			);
			runOnlyForDeploymentPostprocessing = 0;
		};
		3D0BFFB627447C1B001E6236 /* Frameworks */ = {
			isa = PBXFrameworksBuildPhase;
			buildActionMask = 2147483647;
			files = (
			);
			runOnlyForDeploymentPostprocessing = 0;
		};
/* End PBXFrameworksBuildPhase section */

/* Begin PBXGroup section */
		3D0BFF9127447C11001E6236 = {
			isa = PBXGroup;
			children = (
				3D0BFF9C27447C11001E6236 /* MOVISNEY */,
				3D0BFFB127447C1B001E6236 /* MOVISNEYTests */,
				3D0BFFBC27447C1B001E6236 /* MOVISNEYUITests */,
				3D0BFF9B27447C11001E6236 /* Products */,
			);
			sourceTree = "<group>";
		};
		3D0BFF9B27447C11001E6236 /* Products */ = {
			isa = PBXGroup;
			children = (
				3D0BFF9A27447C11001E6236 /* MOVISNEY.app */,
				3D0BFFAE27447C1B001E6236 /* MOVISNEYTests.xctest */,
				3D0BFFB927447C1B001E6236 /* MOVISNEYUITests.xctest */,
			);
			name = Products;
			sourceTree = "<group>";
		};
		3D0BFF9C27447C11001E6236 /* MOVISNEY */ = {
			isa = PBXGroup;
			children = (
				3D0BFF9D27447C11001E6236 /* AppDelegate.swift */,
				3D0BFF9F27447C12001E6236 /* ViewController.swift */,
				3D0BFFA127447C12001E6236 /* Main.storyboard */,
				3D0BFFA427447C1B001E6236 /* Assets.xcassets */,
				3D0BFFA627447C1B001E6236 /* LaunchScreen.storyboard */,
				3D0BFFA927447C1B001E6236 /* Info.plist */,
				3D0BFFCB27447CCA001E6236 /* Pelicula.swift */,
			);
			path = MOVISNEY;
			sourceTree = "<group>";
		};
		3D0BFFB127447C1B001E6236 /* MOVISNEYTests */ = {
			isa = PBXGroup;
			children = (
				3D0BFFB227447C1B001E6236 /* MOVISNEYTests.swift */,
				3D0BFFB427447C1B001E6236 /* Info.plist */,
			);
			path = MOVISNEYTests;
			sourceTree = "<group>";
		};
		3D0BFFBC27447C1B001E6236 /* MOVISNEYUITests */ = {
			isa = PBXGroup;
			children = (
				3D0BFFBD27447C1B001E6236 /* MOVISNEYUITests.swift */,
				3D0BFFBF27447C1B001E6236 /* Info.plist */,
			);
			path = MOVISNEYUITests;
			sourceTree = "<group>";
		};
/* End PBXGroup section */

/* Begin PBXNativeTarget section */
		3D0BFF9927447C11001E6236 /* MOVISNEY */ = {
			isa = PBXNativeTarget;
			buildConfigurationList = 3D0BFFC227447C1B001E6236 /* Build configuration list for PBXNativeTarget "MOVISNEY" */;
			buildPhases = (
				3D0BFF9627447C11001E6236 /* Sources */,
				3D0BFF9727447C11001E6236 /* Frameworks */,
				3D0BFF9827447C11001E6236 /* Resources */,
			);
			buildRules = (
			);
			dependencies = (
			);
			name = MOVISNEY;
			productName = MOVISNEY;
			productReference = 3D0BFF9A27447C11001E6236 /* MOVISNEY.app */;
			productType = "com.apple.product-type.application";
		};
		3D0BFFAD27447C1B001E6236 /* MOVISNEYTests */ = {
			isa = PBXNativeTarget;
			buildConfigurationList = 3D0BFFC527447C1B001E6236 /* Build configuration list for PBXNativeTarget "MOVISNEYTests" */;
			buildPhases = (
				3D0BFFAA27447C1B001E6236 /* Sources */,
				3D0BFFAB27447C1B001E6236 /* Frameworks */,
				3D0BFFAC27447C1B001E6236 /* Resources */,
			);
			buildRules = (
			);
			dependencies = (
				3D0BFFB027447C1B001E6236 /* PBXTargetDependency */,
			);
			name = MOVISNEYTests;
			productName = MOVISNEYTests;
			productReference = 3D0BFFAE27447C1B001E6236 /* MOVISNEYTests.xctest */;
			productType = "com.apple.product-type.bundle.unit-test";
		};
		3D0BFFB827447C1B001E6236 /* MOVISNEYUITests */ = {
			isa = PBXNativeTarget;
			buildConfigurationList = 3D0BFFC827447C1B001E6236 /* Build configuration list for PBXNativeTarget "MOVISNEYUITests" */;
			buildPhases = (
				3D0BFFB527447C1B001E6236 /* Sources */,
				3D0BFFB627447C1B001E6236 /* Frameworks */,
				3D0BFFB727447C1B001E6236 /* Resources */,
			);
			buildRules = (
			);
			dependencies = (
				3D0BFFBB27447C1B001E6236 /* PBXTargetDependency */,
			);
			name = MOVISNEYUITests;
			productName = MOVISNEYUITests;
			productReference = 3D0BFFB927447C1B001E6236 /* MOVISNEYUITests.xctest */;
			productType = "com.apple.product-type.bundle.ui-testing";
		};
/* End PBXNativeTarget section */

/* Begin PBXProject section */
		3D0BFF9227447C11001E6236 /* Project object */ = {
			isa = PBXProject;
			attributes = {
				LastSwiftUpdateCheck = 1030;
				LastUpgradeCheck = 1030;
				ORGANIZATIONNAME = Alumno;
				TargetAttributes = {
					3D0BFF9927447C11001E6236 = {
						CreatedOnToolsVersion = 10.3;
					};
					3D0BFFAD27447C1B001E6236 = {
						CreatedOnToolsVersion = 10.3;
						TestTargetID = 3D0BFF9927447C11001E6236;
					};
					3D0BFFB827447C1B001E6236 = {
						CreatedOnToolsVersion = 10.3;
						TestTargetID = 3D0BFF9927447C11001E6236;
					};
				};
			};
			buildConfigurationList = 3D0BFF9527447C11001E6236 /* Build configuration list for PBXProject "MOVISNEY" */;
			compatibilityVersion = "Xcode 9.3";
			developmentRegion = en;
			hasScannedForEncodings = 0;
			knownRegions = (
				en,
				Base,
			);
			mainGroup = 3D0BFF9127447C11001E6236;
			productRefGroup = 3D0BFF9B27447C11001E6236 /* Products */;
			projectDirPath = "";
			projectRoot = "";
			targets = (
				3D0BFF9927447C11001E6236 /* MOVISNEY */,
				3D0BFFAD27447C1B001E6236 /* MOVISNEYTests */,
				3D0BFFB827447C1B001E6236 /* MOVISNEYUITests */,
			);
		};
/* End PBXProject section */

/* Begin PBXResourcesBuildPhase section */
		3D0BFF9827447C11001E6236 /* Resources */ = {
			isa = PBXResourcesBuildPhase;
			buildActionMask = 2147483647;
			files = (
				3D0BFFA827447C1B001E6236 /* LaunchScreen.storyboard in Resources */,
				3D0BFFA527447C1B001E6236 /* Assets.xcassets in Resources */,
				3D0BFFA327447C12001E6236 /* Main.storyboard in Resources */,
			);
			runOnlyForDeploymentPostprocessing = 0;
		};
		3D0BFFAC27447C1B001E6236 /* Resources */ = {
			isa = PBXResourcesBuildPhase;
			buildActionMask = 2147483647;
			files = (
			);
			runOnlyForDeploymentPostprocessing = 0;
		};
		3D0BFFB727447C1B001E6236 /* Resources */ = {
			isa = PBXResourcesBuildPhase;
			buildActionMask = 2147483647;
			files = (
			);
			runOnlyForDeploymentPostprocessing = 0;
		};
/* End PBXResourcesBuildPhase section */

/* Begin PBXSourcesBuildPhase section */
		3D0BFF9627447C11001E6236 /* Sources */ = {
			isa = PBXSourcesBuildPhase;
			buildActionMask = 2147483647;
			files = (
				3D0BFFCC27447CCA001E6236 /* Pelicula.swift in Sources */,
				3D0BFFA027447C12001E6236 /* ViewController.swift in Sources */,
				3D0BFF9E27447C12001E6236 /* AppDelegate.swift in Sources */,
			);
			runOnlyForDeploymentPostprocessing = 0;
		};
		3D0BFFAA27447C1B001E6236 /* Sources */ = {
			isa = PBXSourcesBuildPhase;
			buildActionMask = 2147483647;
			files = (
				3D0BFFB327447C1B001E6236 /* MOVISNEYTests.swift in Sources */,
			);
			runOnlyForDeploymentPostprocessing = 0;
		};
		3D0BFFB527447C1B001E6236 /* Sources */ = {
			isa = PBXSourcesBuildPhase;
			buildActionMask = 2147483647;
			files = (
				3D0BFFBE27447C1B001E6236 /* MOVISNEYUITests.swift in Sources */,
			);
			runOnlyForDeploymentPostprocessing = 0;
		};
/* End PBXSourcesBuildPhase section */

/* Begin PBXTargetDependency section */
		3D0BFFB027447C1B001E6236 /* PBXTargetDependency */ = {
			isa = PBXTargetDependency;
			target = 3D0BFF9927447C11001E6236 /* MOVISNEY */;
			targetProxy = 3D0BFFAF27447C1B001E6236 /* PBXContainerItemProxy */;
		};
		3D0BFFBB27447C1B001E6236 /* PBXTargetDependency */ = {
			isa = PBXTargetDependency;
			target = 3D0BFF9927447C11001E6236 /* MOVISNEY */;
			targetProxy = 3D0BFFBA27447C1B001E6236 /* PBXContainerItemProxy */;
		};
/* End PBXTargetDependency section */

/* Begin PBXVariantGroup section */
		3D0BFFA127447C12001E6236 /* Main.storyboard */ = {
			isa = PBXVariantGroup;
			children = (
				3D0BFFA227447C12001E6236 /* Base */,
			);
			name = Main.storyboard;
			sourceTree = "<group>";
		};
		3D0BFFA627447C1B001E6236 /* LaunchScreen.storyboard */ = {
			isa = PBXVariantGroup;
			children = (
				3D0BFFA727447C1B001E6236 /* Base */,
			);
			name = LaunchScreen.storyboard;
			sourceTree = "<group>";
		};
/* End PBXVariantGroup section */

/* Begin XCBuildConfiguration section */
		3D0BFFC027447C1B001E6236 /* Debug */ = {
			isa = XCBuildConfiguration;
			buildSettings = {
				ALWAYS_SEARCH_USER_PATHS = NO;
				CLANG_ANALYZER_NONNULL = YES;
				CLANG_ANALYZER_NUMBER_OBJECT_CONVERSION = YES_AGGRESSIVE;
				CLANG_CXX_LANGUAGE_STANDARD = "gnu++14";
				CLANG_CXX_LIBRARY = "libc++";
				CLANG_ENABLE_MODULES = YES;
				CLANG_ENABLE_OBJC_ARC = YES;
				CLANG_ENABLE_OBJC_WEAK = YES;
				CLANG_WARN_BLOCK_CAPTURE_AUTORELEASING = YES;
				CLANG_WARN_BOOL_CONVERSION = YES;
				CLANG_WARN_COMMA = YES;
				CLANG_WARN_CONSTANT_CONVERSION = YES;
				CLANG_WARN_DEPRECATED_OBJC_IMPLEMENTATIONS = YES;
				CLANG_WARN_DIRECT_OBJC_ISA_USAGE = YES_ERROR;
				CLANG_WARN_DOCUMENTATION_COMMENTS = YES;
				CLANG_WARN_EMPTY_BODY = YES;
				CLANG_WARN_ENUM_CONVERSION = YES;
				CLANG_WARN_INFINITE_RECURSION = YES;
				CLANG_WARN_INT_CONVERSION = YES;
				CLANG_WARN_NON_LITERAL_NULL_CONVERSION = YES;
				CLANG_WARN_OBJC_IMPLICIT_RETAIN_SELF = YES;
				CLANG_WARN_OBJC_LITERAL_CONVERSION = YES;
				CLANG_WARN_OBJC_ROOT_CLASS = YES_ERROR;
				CLANG_WARN_RANGE_LOOP_ANALYSIS = YES;
				CLANG_WARN_STRICT_PROTOTYPES = YES;
				CLANG_WARN_SUSPICIOUS_MOVE = YES;
				CLANG_WARN_UNGUARDED_AVAILABILITY = YES_AGGRESSIVE;
				CLANG_WARN_UNREACHABLE_CODE = YES;
				CLANG_WARN__DUPLICATE_METHOD_MATCH = YES;
				CODE_SIGN_IDENTITY = "iPhone Developer";
				COPY_PHASE_STRIP = NO;
				DEBUG_INFORMATION_FORMAT = dwarf;
				ENABLE_STRICT_OBJC_MSGSEND = YES;
				ENABLE_TESTABILITY = YES;
				GCC_C_LANGUAGE_STANDARD = gnu11;
				GCC_DYNAMIC_NO_PIC = NO;
				GCC_NO_COMMON_BLOCKS = YES;
				GCC_OPTIMIZATION_LEVEL = 0;
				GCC_PREPROCESSOR_DEFINITIONS = (
					"DEBUG=1",
					"$(inherited)",
				);
				GCC_WARN_64_TO_32_BIT_CONVERSION = YES;
				GCC_WARN_ABOUT_RETURN_TYPE = YES_ERROR;
				GCC_WARN_UNDECLARED_SELECTOR = YES;
				GCC_WARN_UNINITIALIZED_AUTOS = YES_AGGRESSIVE;
				GCC_WARN_UNUSED_FUNCTION = YES;
				GCC_WARN_UNUSED_VARIABLE = YES;
				IPHONEOS_DEPLOYMENT_TARGET = 12.4;
				MTL_ENABLE_DEBUG_INFO = INCLUDE_SOURCE;
				MTL_FAST_MATH = YES;
				ONLY_ACTIVE_ARCH = YES;
				SDKROOT = iphoneos;
				SWIFT_ACTIVE_COMPILATION_CONDITIONS = DEBUG;
				SWIFT_OPTIMIZATION_LEVEL = "-Onone";
			};
			name = Debug;
		};
		3D0BFFC127447C1B001E6236 /* Release */ = {
			isa = XCBuildConfiguration;
			buildSettings = {
				ALWAYS_SEARCH_USER_PATHS = NO;
				CLANG_ANALYZER_NONNULL = YES;
				CLANG_ANALYZER_NUMBER_OBJECT_CONVERSION = YES_AGGRESSIVE;
				CLANG_CXX_LANGUAGE_STANDARD = "gnu++14";
				CLANG_CXX_LIBRARY = "libc++";
				CLANG_ENABLE_MODULES = YES;
				CLANG_ENABLE_OBJC_ARC = YES;
				CLANG_ENABLE_OBJC_WEAK = YES;
				CLANG_WARN_BLOCK_CAPTURE_AUTORELEASING = YES;
				CLANG_WARN_BOOL_CONVERSION = YES;
				CLANG_WARN_COMMA = YES;
				CLANG_WARN_CONSTANT_CONVERSION = YES;
				CLANG_WARN_DEPRECATED_OBJC_IMPLEMENTATIONS = YES;
				CLANG_WARN_DIRECT_OBJC_ISA_USAGE = YES_ERROR;
				CLANG_WARN_DOCUMENTATION_COMMENTS = YES;
				CLANG_WARN_EMPTY_BODY = YES;
				CLANG_WARN_ENUM_CONVERSION = YES;
				CLANG_WARN_INFINITE_RECURSION = YES;
				CLANG_WARN_INT_CONVERSION = YES;
				CLANG_WARN_NON_LITERAL_NULL_CONVERSION = YES;
				CLANG_WARN_OBJC_IMPLICIT_RETAIN_SELF = YES;
				CLANG_WARN_OBJC_LITERAL_CONVERSION = YES;
				CLANG_WARN_OBJC_ROOT_CLASS = YES_ERROR;
				CLANG_WARN_RANGE_LOOP_ANALYSIS = YES;
				CLANG_WARN_STRICT_PROTOTYPES = YES;
				CLANG_WARN_SUSPICIOUS_MOVE = YES;
				CLANG_WARN_UNGUARDED_AVAILABILITY = YES_AGGRESSIVE;
				CLANG_WARN_UNREACHABLE_CODE = YES;
				CLANG_WARN__DUPLICATE_METHOD_MATCH = YES;
				CODE_SIGN_IDENTITY = "iPhone Developer";
				COPY_PHASE_STRIP = NO;
				DEBUG_INFORMATION_FORMAT = "dwarf-with-dsym";
				ENABLE_NS_ASSERTIONS = NO;
				ENABLE_STRICT_OBJC_MSGSEND = YES;
				GCC_C_LANGUAGE_STANDARD = gnu11;
				GCC_NO_COMMON_BLOCKS = YES;
				GCC_WARN_64_TO_32_BIT_CONVERSION = YES;
				GCC_WARN_ABOUT_RETURN_TYPE = YES_ERROR;
				GCC_WARN_UNDECLARED_SELECTOR = YES;
				GCC_WARN_UNINITIALIZED_AUTOS = YES_AGGRESSIVE;
				GCC_WARN_UNUSED_FUNCTION = YES;
				GCC_WARN_UNUSED_VARIABLE = YES;
				IPHONEOS_DEPLOYMENT_TARGET = 12.4;
				MTL_ENABLE_DEBUG_INFO = NO;
				MTL_FAST_MATH = YES;
				SDKROOT = iphoneos;
				SWIFT_COMPILATION_MODE = wholemodule;
				SWIFT_OPTIMIZATION_LEVEL = "-O";
				VALIDATE_PRODUCT = YES;
			};
			name = Release;
		};
		3D0BFFC327447C1B001E6236 /* Debug */ = {
			isa = XCBuildConfiguration;
			buildSettings = {
				ASSETCATALOG_COMPILER_APPICON_NAME = AppIcon;
				CODE_SIGN_STYLE = Automatic;
				INFOPLIST_FILE = MOVISNEY/Info.plist;
				LD_RUNPATH_SEARCH_PATHS = (
					"$(inherited)",
					"@executable_path/Frameworks",
				);
				PRODUCT_BUNDLE_IDENTIFIER = edu.ulsa.MOVISNEY;
				PRODUCT_NAME = "$(TARGET_NAME)";
				SWIFT_VERSION = 5.0;
				TARGETED_DEVICE_FAMILY = "1,2";
			};
			name = Debug;
		};
		3D0BFFC427447C1B001E6236 /* Release */ = {
			isa = XCBuildConfiguration;
			buildSettings = {
				ASSETCATALOG_COMPILER_APPICON_NAME = AppIcon;
				CODE_SIGN_STYLE = Automatic;
				INFOPLIST_FILE = MOVISNEY/Info.plist;
				LD_RUNPATH_SEARCH_PATHS = (
					"$(inherited)",
					"@executable_path/Frameworks",
				);
				PRODUCT_BUNDLE_IDENTIFIER = edu.ulsa.MOVISNEY;
				PRODUCT_NAME = "$(TARGET_NAME)";
				SWIFT_VERSION = 5.0;
				TARGETED_DEVICE_FAMILY = "1,2";
			};
			name = Release;
		};
		3D0BFFC627447C1B001E6236 /* Debug */ = {
			isa = XCBuildConfiguration;
			buildSettings = {
				ALWAYS_EMBED_SWIFT_STANDARD_LIBRARIES = YES;
				BUNDLE_LOADER = "$(TEST_HOST)";
				CODE_SIGN_STYLE = Automatic;
				INFOPLIST_FILE = MOVISNEYTests/Info.plist;
				LD_RUNPATH_SEARCH_PATHS = (
					"$(inherited)",
					"@executable_path/Frameworks",
					"@loader_path/Frameworks",
				);
				PRODUCT_BUNDLE_IDENTIFIER = edu.ulsa.MOVISNEYTests;
				PRODUCT_NAME = "$(TARGET_NAME)";
				SWIFT_VERSION = 5.0;
				TARGETED_DEVICE_FAMILY = "1,2";
				TEST_HOST = "$(BUILT_PRODUCTS_DIR)/MOVISNEY.app/MOVISNEY";
			};
			name = Debug;
		};
		3D0BFFC727447C1B001E6236 /* Release */ = {
			isa = XCBuildConfiguration;
			buildSettings = {
				ALWAYS_EMBED_SWIFT_STANDARD_LIBRARIES = YES;
				BUNDLE_LOADER = "$(TEST_HOST)";
				CODE_SIGN_STYLE = Automatic;
				INFOPLIST_FILE = MOVISNEYTests/Info.plist;
				LD_RUNPATH_SEARCH_PATHS = (
					"$(inherited)",
					"@executable_path/Frameworks",
					"@loader_path/Frameworks",
				);
				PRODUCT_BUNDLE_IDENTIFIER = edu.ulsa.MOVISNEYTests;
				PRODUCT_NAME = "$(TARGET_NAME)";
				SWIFT_VERSION = 5.0;
				TARGETED_DEVICE_FAMILY = "1,2";
				TEST_HOST = "$(BUILT_PRODUCTS_DIR)/MOVISNEY.app/MOVISNEY";
			};
			name = Release;
		};
		3D0BFFC927447C1B001E6236 /* Debug */ = {
			isa = XCBuildConfiguration;
			buildSettings = {
				ALWAYS_EMBED_SWIFT_STANDARD_LIBRARIES = YES;
				CODE_SIGN_STYLE = Automatic;
				INFOPLIST_FILE = MOVISNEYUITests/Info.plist;
				LD_RUNPATH_SEARCH_PATHS = (
					"$(inherited)",
					"@executable_path/Frameworks",
					"@loader_path/Frameworks",
				);
				PRODUCT_BUNDLE_IDENTIFIER = edu.ulsa.MOVISNEYUITests;
				PRODUCT_NAME = "$(TARGET_NAME)";
				SWIFT_VERSION = 5.0;
				TARGETED_DEVICE_FAMILY = "1,2";
				TEST_TARGET_NAME = MOVISNEY;
			};
			name = Debug;
		};
		3D0BFFCA27447C1B001E6236 /* Release */ = {
			isa = XCBuildConfiguration;
			buildSettings = {
				ALWAYS_EMBED_SWIFT_STANDARD_LIBRARIES = YES;
				CODE_SIGN_STYLE = Automatic;
				INFOPLIST_FILE = MOVISNEYUITests/Info.plist;
				LD_RUNPATH_SEARCH_PATHS = (
					"$(inherited)",
					"@executable_path/Frameworks",
					"@loader_path/Frameworks",
				);
				PRODUCT_BUNDLE_IDENTIFIER = edu.ulsa.MOVISNEYUITests;
				PRODUCT_NAME = "$(TARGET_NAME)";
				SWIFT_VERSION = 5.0;
				TARGETED_DEVICE_FAMILY = "1,2";
				TEST_TARGET_NAME = MOVISNEY;
			};
			name = Release;
		};
/* End XCBuildConfiguration section */

/* Begin XCConfigurationList section */
		3D0BFF9527447C11001E6236 /* Build configuration list for PBXProject "MOVISNEY" */ = {
			isa = XCConfigurationList;
			buildConfigurations = (
				3D0BFFC027447C1B001E6236 /* Debug */,
				3D0BFFC127447C1B001E6236 /* Release */,
			);
			defaultConfigurationIsVisible = 0;
			defaultConfigurationName = Release;
		};
		3D0BFFC227447C1B001E6236 /* Build configuration list for PBXNativeTarget "MOVISNEY" */ = {
			isa = XCConfigurationList;
			buildConfigurations = (
				3D0BFFC327447C1B001E6236 /* Debug */,
				3D0BFFC427447C1B001E6236 /* Release */,
			);
			defaultConfigurationIsVisible = 0;
			defaultConfigurationName = Release;
		};
		3D0BFFC527447C1B001E6236 /* Build configuration list for PBXNativeTarget "MOVISNEYTests" */ = {
			isa = XCConfigurationList;
			buildConfigurations = (
				3D0BFFC627447C1B001E6236 /* Debug */,
				3D0BFFC727447C1B001E6236 /* Release */,
			);
			defaultConfigurationIsVisible = 0;
			defaultConfigurationName = Release;
		};
		3D0BFFC827447C1B001E6236 /* Build configuration list for PBXNativeTarget "MOVISNEYUITests" */ = {
			isa = XCConfigurationList;
			buildConfigurations = (
				3D0BFFC927447C1B001E6236 /* Debug */,
				3D0BFFCA27447C1B001E6236 /* Release */,
			);
			defaultConfigurationIsVisible = 0;
			defaultConfigurationName = Release;
		};
/* End XCConfigurationList section */
	};
	rootObject = 3D0BFF9227447C11001E6236 /* Project object */;
}
